<?xml version="1.0" encoding="utf-8"?>
<Project ToolsVersion="4.0" xmlns="http://schemas.microsoft.com/developer/msbuild/2003">
  <ItemGroup>
    <Filter Include="src">
      <UniqueIdentifier>{2DAB880B-99B4-887C-2230-9F7C8E38947C}</UniqueIdentifier>
    </Filter>
    <Filter Include="third_party">
      <UniqueIdentifier>{0FB18DF1-7B66-06E7-045B-00BE700FFDEA}</UniqueIdentifier>
    </Filter>
    <Filter Include="third_party\glad">
      <UniqueIdentifier>{76854EF9-627E-6D4B-8BB0-52D077084D57}</UniqueIdentifier>
    </Filter>
    <Filter Include="third_party\glad\src">
      <UniqueIdentifier>{8D0E7C5F-799D-0529-22BC-19240E2A16CF}</UniqueIdentifier>
    </Filter>
  </ItemGroup>
  <ItemGroup>
    <ClInclude Include="src\shader.hpp">
      <Filter>src</Filter>
    </ClInclude>
    <ClInclude Include="src\window.hpp">
      <Filter>src</Filter>
    </ClInclude>
  </ItemGroup>
  <ItemGroup>
    <ClCompile Include="src\main.cpp">
      <Filter>src</Filter>
    </ClCompile>
    <ClCompile Include="src\shader.cpp">
      <Filter>src</Filter>
    </ClCompile>
    <ClCompile Include="src\window.cpp">
      <Filter>src</Filter>
    </ClCompile>
    <ClCompile Include="third_party\glad\src\glad.c">
      <Filter>third_party\glad\src</Filter>
    </ClCompile>
  </ItemGroup>
</Project>