<?xml version="1.0" encoding="utf-8"?>
<Project ToolsVersion="4.0" xmlns="http://schemas.microsoft.com/developer/msbuild/2003">
  <ItemGroup>
    <Filter Include="src">
      <UniqueIdentifier>{2DAB880B-99B4-887C-2230-9F7C8E38947C}</UniqueIdentifier>
    </Filter>
    <Filter Include="src\core">
      <UniqueIdentifier>{C55F2ECF-B12C-89DA-DA45-7782C671BE68}</UniqueIdentifier>
    </Filter>
    <Filter Include="src\renderer">
      <UniqueIdentifier>{936D1A48-7FD0-A9EC-2856-E2A21498756F}</UniqueIdentifier>
    </Filter>
    <Filter Include="third_party">
      <UniqueIdentifier>{0FB18DF1-7B66-06E7-045B-00BE700FFDEA}</UniqueIdentifier>
    </Filter>
    <Filter Include="third_party\glad">
      <UniqueIdentifier>{76854EF9-627E-6D4B-8BB0-52D077084D57}</UniqueIdentifier>
    </Filter>
    <Filter Include="third_party\glad\src">
      <UniqueIdentifier>{8D0E7C5F-799D-0529-22BC-19240E2A16CF}</UniqueIdentifier>
    </Filter>
  </ItemGroup>
  <ItemGroup>
    <ClInclude Include="src\core\event.hpp">
      <Filter>src\core</Filter>
    </ClInclude>
    <ClInclude Include="src\core\types.h">
      <Filter>src\core</Filter>
    </ClInclude>
    <ClInclude Include="src\core\window.hpp">
      <Filter>src\core</Filter>
    </ClInclude>
    <ClInclude Include="src\renderer\shader.hpp">
      <Filter>src\renderer</Filter>
    </ClInclude>
    <ClInclude Include="src\renderer\vertex_array.hpp">
      <Filter>src\renderer</Filter>
    </ClInclude>
    <ClInclude Include="src\renderer\vertex_buffer.hpp">
      <Filter>src\renderer</Filter>
    </ClInclude>
    <ClInclude Include="src\audio\audio_engine.hpp" />
    <ClInclude Include="src\audio\sound.hpp" />
    <ClInclude Include="src\core\base.hpp" />
    <ClInclude Include="src\core\console_manager.hpp" />
    <ClInclude Include="src\core\timestep.hpp" />
    <ClInclude Include="src\core\utils.hpp" />
    <ClInclude Include="src\core\app_event.hpp" />
    <ClInclude Include="src\core\key_event.hpp">
      <Filter>src\core</Filter>
    </ClInclude>
    <ClInclude Include="src\core\keycodes.hpp">
      <Filter>src\core</Filter>
    </ClInclude>
    <ClInclude Include="src\core\mouse_codes.hpp">
      <Filter>src\core</Filter>
    </ClInclude>
    <ClInclude Include="src\core\mouse_event.hpp">
      <Filter>src\core</Filter>
    </ClInclude>
  </ItemGroup>
  <ItemGroup>
    <ClCompile Include="src\core\window.cpp">
      <Filter>src\core</Filter>
    </ClCompile>
    <ClCompile Include="src\main.cpp">
      <Filter>src</Filter>
    </ClCompile>
    <ClCompile Include="src\renderer\shader.cpp">
      <Filter>src\renderer</Filter>
    </ClCompile>
    <ClCompile Include="src\renderer\vertex_array.cpp">
      <Filter>src\renderer</Filter>
    </ClCompile>
    <ClCompile Include="src\renderer\vertex_buffer.cpp">
      <Filter>src\renderer</Filter>
    </ClCompile>
    <ClCompile Include="third_party\glad\src\glad.c">
      <Filter>third_party\glad\src</Filter>
    </ClCompile>
    <ClCompile Include="src\audio\audio_engine.cpp" />
    <ClCompile Include="src\audio\sound.cpp" />
    <ClCompile Include="src\core\console_manager.cpp" />
  </ItemGroup>
</Project>